
Microsoft Visual Studio Solution File, Format Version 12.00
# Visual Studio Version 17
VisualStudioVersion = 17.4.33213.308
MinimumVisualStudioVersion = 10.0.40219.1
Project("{E24C65DC-7377-472B-9ABA-BC803B73C61A}") = "NutrientDoserClientApplication", ".", "{79C8FC2C-B6DF-4085-90FB-5705019253AB}"
	ProjectSection(WebsiteProperties) = preProject
		TargetFrameworkMoniker = ".NETFramework,Version%3Dv4.0"
		Debug.AspNetCompiler.VirtualPath = "/localhost_63605"
		Debug.AspNetCompiler.PhysicalPath = "..\NutrientDoserClientApplication\"
		Debug.AspNetCompiler.TargetPath = "PrecompiledWeb\localhost_63605\"
		Debug.AspNetCompiler.Updateable = "true"
		Debug.AspNetCompiler.ForceOverwrite = "true"
		Debug.AspNetCompiler.FixedNames = "false"
		Debug.AspNetCompiler.Debug = "True"
		Release.AspNetCompiler.VirtualPath = "/localhost_63605"
		Release.AspNetCompiler.PhysicalPath = "..\NutrientDoserClientApplication\"
		Release.AspNetCompiler.TargetPath = "PrecompiledWeb\localhost_63605\"
		Release.AspNetCompiler.Updateable = "true"
		Release.AspNetCompiler.ForceOverwrite = "true"
		Release.AspNetCompiler.FixedNames = "false"
		Release.AspNetCompiler.Debug = "False"
		VWDPort = "63605"
	EndProjectSection
EndProject
Global
	GlobalSection(SolutionConfigurationPlatforms) = preSolution
		Debug|Any CPU = Debug|Any CPU
	EndGlobalSection
	GlobalSection(ProjectConfigurationPlatforms) = postSolution
		{79C8FC2C-B6DF-4085-90FB-5705019253AB}.Debug|Any CPU.ActiveCfg = Debug|Any CPU
		{79C8FC2C-B6DF-4085-90FB-5705019253AB}.Debug|Any CPU.Build.0 = Debug|Any CPU
	EndGlobalSection
	GlobalSection(SolutionProperties) = preSolution
		HideSolutionNode = FALSE
	EndGlobalSection
	GlobalSection(ExtensibilityGlobals) = postSolution
		SolutionGuid = {C7EF3291-824E-4DD8-8FC6-C5D9FB86FDDB}
	EndGlobalSection
EndGlobal
